
Microsoft Visual Studio Solution File, Format Version 12.00
# Visual Studio 15
VisualStudioVersion = 15.0.28307.645
MinimumVisualStudioVersion = 10.0.40219.1
Project("{FAE04EC0-301F-11D3-BF4B-00C04F79EFBC}") = "WcfServiceFullDuplex", "WcfServiceFullDuplex\WcfServiceFullDuplex.csproj", "{E30A0941-1027-40C5-8D18-BC76240289BD}"
EndProject
Global
	GlobalSection(SolutionConfigurationPlatforms) = preSolution
		Debug|Any CPU = Debug|Any CPU
		Release|Any CPU = Release|Any CPU
	EndGlobalSection
	GlobalSection(ProjectConfigurationPlatforms) = postSolution
		{E30A0941-1027-40C5-8D18-BC76240289BD}.Debug|Any CPU.ActiveCfg = Debug|Any CPU
		{E30A0941-1027-40C5-8D18-BC76240289BD}.Debug|Any CPU.Build.0 = Debug|Any CPU
		{E30A0941-1027-40C5-8D18-BC76240289BD}.Release|Any CPU.ActiveCfg = Release|Any CPU
		{E30A0941-1027-40C5-8D18-BC76240289BD}.Release|Any CPU.Build.0 = Release|Any CPU
	EndGlobalSection
	GlobalSection(SolutionProperties) = preSolution
		HideSolutionNode = FALSE
	EndGlobalSection
	GlobalSection(ExtensibilityGlobals) = postSolution
		SolutionGuid = {E1989B73-7346-45F7-97D0-BA73E07A9C4A}
	EndGlobalSection
EndGlobal
